
Microsoft Visual Studio Solution File, Format Version 12.00
# Visual Studio 15
VisualStudioVersion = 15.0.27428.2037
MinimumVisualStudioVersion = 10.0.40219.1
Project("{FAE04EC0-301F-11D3-BF4B-00C04F79EFBC}") = "Rijndael-CFB-ISO10126", "Rijndael-CFB-ISO10126\Rijndael-CFB-ISO10126.csproj", "{2A5D5070-032A-4DFC-A6A9-05775C3DE5C6}"
EndProject
Global
	GlobalSection(SolutionConfigurationPlatforms) = preSolution
		Debug|Any CPU = Debug|Any CPU
		Release|Any CPU = Release|Any CPU
	EndGlobalSection
	GlobalSection(ProjectConfigurationPlatforms) = postSolution
		{2A5D5070-032A-4DFC-A6A9-05775C3DE5C6}.Debug|Any CPU.ActiveCfg = Debug|Any CPU
		{2A5D5070-032A-4DFC-A6A9-05775C3DE5C6}.Debug|Any CPU.Build.0 = Debug|Any CPU
		{2A5D5070-032A-4DFC-A6A9-05775C3DE5C6}.Release|Any CPU.ActiveCfg = Release|Any CPU
		{2A5D5070-032A-4DFC-A6A9-05775C3DE5C6}.Release|Any CPU.Build.0 = Release|Any CPU
	EndGlobalSection
	GlobalSection(SolutionProperties) = preSolution
		HideSolutionNode = FALSE
	EndGlobalSection
	GlobalSection(ExtensibilityGlobals) = postSolution
		SolutionGuid = {A8B28B8D-A5E5-4618-9AB5-5F5476430D33}
	EndGlobalSection
EndGlobal
